
Microsoft Visual Studio Solution File, Format Version 12.00
# Visual Studio 15
VisualStudioVersion = 15.0.27703.2035
MinimumVisualStudioVersion = 10.0.40219.1
Project("{9A19103F-16F7-4668-BE54-9A1E7A4F7556}") = "Drinctet", "src\Drinctet\Drinctet.csproj", "{91B481B1-D274-4937-834B-185ACBC1BF5B}"
EndProject
Project("{9A19103F-16F7-4668-BE54-9A1E7A4F7556}") = "Drinctet.Core", "src\Drinctet.Core\Drinctet.Core.csproj", "{55248FFD-FB7C-4290-8C1D-4BB8D99372FF}"
EndProject
Project("{FAE04EC0-301F-11D3-BF4B-00C04F79EFBC}") = "Drinctet.Harvester", "src\Drinctet.Harvester\Drinctet.Harvester.csproj", "{0704F000-5C35-41C6-98F6-7DFA831B83A2}"
EndProject
Project("{FAE04EC0-301F-11D3-BF4B-00C04F79EFBC}") = "Drinctet.Harvester.Tests", "test\Drinctet.Harvester.Tests\Drinctet.Harvester.Tests.csproj", "{5F2E6716-3554-487E-AF23-A127592592F3}"
EndProject
Project("{2150E333-8FDC-42A3-9474-1A3956D46DE8}") = "Tests", "Tests", "{71A60E80-BA11-4A8E-8F1B-4002A2A9A225}"
EndProject
Global
	GlobalSection(SolutionConfigurationPlatforms) = preSolution
		Debug|Any CPU = Debug|Any CPU
		Release|Any CPU = Release|Any CPU
	EndGlobalSection
	GlobalSection(ProjectConfigurationPlatforms) = postSolution
		{91B481B1-D274-4937-834B-185ACBC1BF5B}.Debug|Any CPU.ActiveCfg = Debug|Any CPU
		{91B481B1-D274-4937-834B-185ACBC1BF5B}.Debug|Any CPU.Build.0 = Debug|Any CPU
		{91B481B1-D274-4937-834B-185ACBC1BF5B}.Release|Any CPU.ActiveCfg = Release|Any CPU
		{91B481B1-D274-4937-834B-185ACBC1BF5B}.Release|Any CPU.Build.0 = Release|Any CPU
		{55248FFD-FB7C-4290-8C1D-4BB8D99372FF}.Debug|Any CPU.ActiveCfg = Debug|Any CPU
		{55248FFD-FB7C-4290-8C1D-4BB8D99372FF}.Debug|Any CPU.Build.0 = Debug|Any CPU
		{55248FFD-FB7C-4290-8C1D-4BB8D99372FF}.Release|Any CPU.ActiveCfg = Release|Any CPU
		{55248FFD-FB7C-4290-8C1D-4BB8D99372FF}.Release|Any CPU.Build.0 = Release|Any CPU
		{0704F000-5C35-41C6-98F6-7DFA831B83A2}.Debug|Any CPU.ActiveCfg = Debug|Any CPU
		{0704F000-5C35-41C6-98F6-7DFA831B83A2}.Debug|Any CPU.Build.0 = Debug|Any CPU
		{0704F000-5C35-41C6-98F6-7DFA831B83A2}.Release|Any CPU.ActiveCfg = Release|Any CPU
		{0704F000-5C35-41C6-98F6-7DFA831B83A2}.Release|Any CPU.Build.0 = Release|Any CPU
		{5F2E6716-3554-487E-AF23-A127592592F3}.Debug|Any CPU.ActiveCfg = Debug|Any CPU
		{5F2E6716-3554-487E-AF23-A127592592F3}.Debug|Any CPU.Build.0 = Debug|Any CPU
		{5F2E6716-3554-487E-AF23-A127592592F3}.Release|Any CPU.ActiveCfg = Release|Any CPU
		{5F2E6716-3554-487E-AF23-A127592592F3}.Release|Any CPU.Build.0 = Release|Any CPU
	EndGlobalSection
	GlobalSection(SolutionProperties) = preSolution
		HideSolutionNode = FALSE
	EndGlobalSection
	GlobalSection(NestedProjects) = preSolution
		{5F2E6716-3554-487E-AF23-A127592592F3} = {71A60E80-BA11-4A8E-8F1B-4002A2A9A225}
	EndGlobalSection
	GlobalSection(ExtensibilityGlobals) = postSolution
		SolutionGuid = {20C0B5C4-CC78-45E1-9E0D-155F18FD0268}
	EndGlobalSection
EndGlobal
