
Microsoft Visual Studio Solution File, Format Version 12.00
# Visual Studio 15
VisualStudioVersion = 15.0.27703.2035
MinimumVisualStudioVersion = 10.0.40219.1
Project("{9A19103F-16F7-4668-BE54-9A1E7A4F7556}") = "Drinctet", "src\Drinctet\Drinctet.csproj", "{91B481B1-D274-4937-834B-185ACBC1BF5B}"
EndProject
Project("{9A19103F-16F7-4668-BE54-9A1E7A4F7556}") = "Drinctet.Core", "src\Drinctet.Core\Drinctet.Core.csproj", "{55248FFD-FB7C-4290-8C1D-4BB8D99372FF}"
EndProject
Project("{9A19103F-16F7-4668-BE54-9A1E7A4F7556}") = "Drinctet.Harvester", "src\Drinctet.Harvester\Drinctet.Harvester.csproj", "{0704F000-5C35-41C6-98F6-7DFA831B83A2}"
EndProject
Project("{9A19103F-16F7-4668-BE54-9A1E7A4F7556}") = "Drinctet.Harvester.Tests", "test\Drinctet.Harvester.Tests\Drinctet.Harvester.Tests.csproj", "{5F2E6716-3554-487E-AF23-A127592592F3}"
EndProject
Project("{2150E333-8FDC-42A3-9474-1A3956D46DE8}") = "Tests", "Tests", "{71A60E80-BA11-4A8E-8F1B-4002A2A9A225}"
EndProject
Project("{9A19103F-16F7-4668-BE54-9A1E7A4F7556}") = "Drinctet.Core.Tests", "test\Drinctet.Core.Tests\Drinctet.Core.Tests.csproj", "{E543F45A-F00D-47DE-B451-3A8259B41D0A}"
EndProject
Project("{9A19103F-16F7-4668-BE54-9A1E7A4F7556}") = "Drinctet.Presentation.Screen", "src\Drinctet.Presentation.Screen\Drinctet.Presentation.Screen.csproj", "{30DDAD8A-9F93-4D6B-96B9-B51B69AE0B2B}"
EndProject
Project("{FAE04EC0-301F-11D3-BF4B-00C04F79EFBC}") = "Drinctet.Mobile.Android", "src\Drinctet.Mobile\Drinctet.Mobile.Android\Drinctet.Mobile.Android.csproj", "{007B2A82-D577-499F-BDE2-E8677915FA7F}"
EndProject
Project("{FAE04EC0-301F-11D3-BF4B-00C04F79EFBC}") = "Drinctet.Mobile.iOS", "src\Drinctet.Mobile\Drinctet.Mobile.iOS\Drinctet.Mobile.iOS.csproj", "{89FDC230-8595-4400-82C5-37219A4EE754}"
EndProject
Project("{9A19103F-16F7-4668-BE54-9A1E7A4F7556}") = "Drinctet.Mobile", "src\Drinctet.Mobile\Drinctet.Mobile\Drinctet.Mobile.csproj", "{E1B6545C-4A3D-4E83-8059-F74F17E32118}"
EndProject
Project("{2150E333-8FDC-42A3-9474-1A3956D46DE8}") = "Mobile", "Mobile", "{120BBC85-5D24-4589-8B1F-1C2E813CC2FA}"
EndProject
Project("{9A19103F-16F7-4668-BE54-9A1E7A4F7556}") = "Drinctet.ViewModels", "src\Drinctet.ViewModels\Drinctet.ViewModels.csproj", "{C42FC878-AD7E-457F-BEAE-CFB06FD952AD}"
EndProject
Project("{FAE04EC0-301F-11D3-BF4B-00C04F79EFBC}") = "Drinctet.Wpf", "src\Drinctet.Wpf\Drinctet.Wpf.csproj", "{10BD6604-47E6-4913-BD5F-96F61855947F}"
EndProject
Project("{2150E333-8FDC-42A3-9474-1A3956D46DE8}") = "Desktop", "Desktop", "{477B247E-014B-4194-855F-E89C9D845168}"
EndProject
Project("{9A19103F-16F7-4668-BE54-9A1E7A4F7556}") = "Anapher.Wpf.Swan", "src\submodules\Anapher.Wpf.Swan\Anapher.Wpf.Swan\Anapher.Wpf.Swan.csproj", "{36CF0DF8-F2C6-4417-9788-6778D1E8C42E}"
EndProject
Global
	GlobalSection(SolutionConfigurationPlatforms) = preSolution
		Ad-Hoc|Any CPU = Ad-Hoc|Any CPU
		Ad-Hoc|iPhone = Ad-Hoc|iPhone
		Ad-Hoc|iPhoneSimulator = Ad-Hoc|iPhoneSimulator
		AppStore|Any CPU = AppStore|Any CPU
		AppStore|iPhone = AppStore|iPhone
		AppStore|iPhoneSimulator = AppStore|iPhoneSimulator
		Debug|Any CPU = Debug|Any CPU
		Debug|iPhone = Debug|iPhone
		Debug|iPhoneSimulator = Debug|iPhoneSimulator
		Release|Any CPU = Release|Any CPU
		Release|iPhone = Release|iPhone
		Release|iPhoneSimulator = Release|iPhoneSimulator
	EndGlobalSection
	GlobalSection(ProjectConfigurationPlatforms) = postSolution
		{91B481B1-D274-4937-834B-185ACBC1BF5B}.Ad-Hoc|Any CPU.ActiveCfg = Release|Any CPU
		{91B481B1-D274-4937-834B-185ACBC1BF5B}.Ad-Hoc|Any CPU.Build.0 = Release|Any CPU
		{91B481B1-D274-4937-834B-185ACBC1BF5B}.Ad-Hoc|iPhone.ActiveCfg = Release|Any CPU
		{91B481B1-D274-4937-834B-185ACBC1BF5B}.Ad-Hoc|iPhone.Build.0 = Release|Any CPU
		{91B481B1-D274-4937-834B-185ACBC1BF5B}.Ad-Hoc|iPhoneSimulator.ActiveCfg = Release|Any CPU
		{91B481B1-D274-4937-834B-185ACBC1BF5B}.Ad-Hoc|iPhoneSimulator.Build.0 = Release|Any CPU
		{91B481B1-D274-4937-834B-185ACBC1BF5B}.AppStore|Any CPU.ActiveCfg = Release|Any CPU
		{91B481B1-D274-4937-834B-185ACBC1BF5B}.AppStore|Any CPU.Build.0 = Release|Any CPU
		{91B481B1-D274-4937-834B-185ACBC1BF5B}.AppStore|iPhone.ActiveCfg = Release|Any CPU
		{91B481B1-D274-4937-834B-185ACBC1BF5B}.AppStore|iPhone.Build.0 = Release|Any CPU
		{91B481B1-D274-4937-834B-185ACBC1BF5B}.AppStore|iPhoneSimulator.ActiveCfg = Release|Any CPU
		{91B481B1-D274-4937-834B-185ACBC1BF5B}.AppStore|iPhoneSimulator.Build.0 = Release|Any CPU
		{91B481B1-D274-4937-834B-185ACBC1BF5B}.Debug|Any CPU.ActiveCfg = Debug|Any CPU
		{91B481B1-D274-4937-834B-185ACBC1BF5B}.Debug|Any CPU.Build.0 = Debug|Any CPU
		{91B481B1-D274-4937-834B-185ACBC1BF5B}.Debug|iPhone.ActiveCfg = Debug|Any CPU
		{91B481B1-D274-4937-834B-185ACBC1BF5B}.Debug|iPhone.Build.0 = Debug|Any CPU
		{91B481B1-D274-4937-834B-185ACBC1BF5B}.Debug|iPhoneSimulator.ActiveCfg = Debug|Any CPU
		{91B481B1-D274-4937-834B-185ACBC1BF5B}.Debug|iPhoneSimulator.Build.0 = Debug|Any CPU
		{91B481B1-D274-4937-834B-185ACBC1BF5B}.Release|Any CPU.ActiveCfg = Release|Any CPU
		{91B481B1-D274-4937-834B-185ACBC1BF5B}.Release|Any CPU.Build.0 = Release|Any CPU
		{91B481B1-D274-4937-834B-185ACBC1BF5B}.Release|iPhone.ActiveCfg = Release|Any CPU
		{91B481B1-D274-4937-834B-185ACBC1BF5B}.Release|iPhone.Build.0 = Release|Any CPU
		{91B481B1-D274-4937-834B-185ACBC1BF5B}.Release|iPhoneSimulator.ActiveCfg = Release|Any CPU
		{91B481B1-D274-4937-834B-185ACBC1BF5B}.Release|iPhoneSimulator.Build.0 = Release|Any CPU
		{55248FFD-FB7C-4290-8C1D-4BB8D99372FF}.Ad-Hoc|Any CPU.ActiveCfg = Release|Any CPU
		{55248FFD-FB7C-4290-8C1D-4BB8D99372FF}.Ad-Hoc|Any CPU.Build.0 = Release|Any CPU
		{55248FFD-FB7C-4290-8C1D-4BB8D99372FF}.Ad-Hoc|iPhone.ActiveCfg = Release|Any CPU
		{55248FFD-FB7C-4290-8C1D-4BB8D99372FF}.Ad-Hoc|iPhone.Build.0 = Release|Any CPU
		{55248FFD-FB7C-4290-8C1D-4BB8D99372FF}.Ad-Hoc|iPhoneSimulator.ActiveCfg = Release|Any CPU
		{55248FFD-FB7C-4290-8C1D-4BB8D99372FF}.Ad-Hoc|iPhoneSimulator.Build.0 = Release|Any CPU
		{55248FFD-FB7C-4290-8C1D-4BB8D99372FF}.AppStore|Any CPU.ActiveCfg = Release|Any CPU
		{55248FFD-FB7C-4290-8C1D-4BB8D99372FF}.AppStore|Any CPU.Build.0 = Release|Any CPU
		{55248FFD-FB7C-4290-8C1D-4BB8D99372FF}.AppStore|iPhone.ActiveCfg = Release|Any CPU
		{55248FFD-FB7C-4290-8C1D-4BB8D99372FF}.AppStore|iPhone.Build.0 = Release|Any CPU
		{55248FFD-FB7C-4290-8C1D-4BB8D99372FF}.AppStore|iPhoneSimulator.ActiveCfg = Release|Any CPU
		{55248FFD-FB7C-4290-8C1D-4BB8D99372FF}.AppStore|iPhoneSimulator.Build.0 = Release|Any CPU
		{55248FFD-FB7C-4290-8C1D-4BB8D99372FF}.Debug|Any CPU.ActiveCfg = Debug|Any CPU
		{55248FFD-FB7C-4290-8C1D-4BB8D99372FF}.Debug|Any CPU.Build.0 = Debug|Any CPU
		{55248FFD-FB7C-4290-8C1D-4BB8D99372FF}.Debug|iPhone.ActiveCfg = Debug|Any CPU
		{55248FFD-FB7C-4290-8C1D-4BB8D99372FF}.Debug|iPhone.Build.0 = Debug|Any CPU
		{55248FFD-FB7C-4290-8C1D-4BB8D99372FF}.Debug|iPhoneSimulator.ActiveCfg = Debug|Any CPU
		{55248FFD-FB7C-4290-8C1D-4BB8D99372FF}.Debug|iPhoneSimulator.Build.0 = Debug|Any CPU
		{55248FFD-FB7C-4290-8C1D-4BB8D99372FF}.Release|Any CPU.ActiveCfg = Release|Any CPU
		{55248FFD-FB7C-4290-8C1D-4BB8D99372FF}.Release|Any CPU.Build.0 = Release|Any CPU
		{55248FFD-FB7C-4290-8C1D-4BB8D99372FF}.Release|iPhone.ActiveCfg = Release|Any CPU
		{55248FFD-FB7C-4290-8C1D-4BB8D99372FF}.Release|iPhone.Build.0 = Release|Any CPU
		{55248FFD-FB7C-4290-8C1D-4BB8D99372FF}.Release|iPhoneSimulator.ActiveCfg = Release|Any CPU
		{55248FFD-FB7C-4290-8C1D-4BB8D99372FF}.Release|iPhoneSimulator.Build.0 = Release|Any CPU
		{0704F000-5C35-41C6-98F6-7DFA831B83A2}.Ad-Hoc|Any CPU.ActiveCfg = Release|Any CPU
		{0704F000-5C35-41C6-98F6-7DFA831B83A2}.Ad-Hoc|Any CPU.Build.0 = Release|Any CPU
		{0704F000-5C35-41C6-98F6-7DFA831B83A2}.Ad-Hoc|iPhone.ActiveCfg = Release|Any CPU
		{0704F000-5C35-41C6-98F6-7DFA831B83A2}.Ad-Hoc|iPhone.Build.0 = Release|Any CPU
		{0704F000-5C35-41C6-98F6-7DFA831B83A2}.Ad-Hoc|iPhoneSimulator.ActiveCfg = Release|Any CPU
		{0704F000-5C35-41C6-98F6-7DFA831B83A2}.Ad-Hoc|iPhoneSimulator.Build.0 = Release|Any CPU
		{0704F000-5C35-41C6-98F6-7DFA831B83A2}.AppStore|Any CPU.ActiveCfg = Release|Any CPU
		{0704F000-5C35-41C6-98F6-7DFA831B83A2}.AppStore|Any CPU.Build.0 = Release|Any CPU
		{0704F000-5C35-41C6-98F6-7DFA831B83A2}.AppStore|iPhone.ActiveCfg = Release|Any CPU
		{0704F000-5C35-41C6-98F6-7DFA831B83A2}.AppStore|iPhone.Build.0 = Release|Any CPU
		{0704F000-5C35-41C6-98F6-7DFA831B83A2}.AppStore|iPhoneSimulator.ActiveCfg = Release|Any CPU
		{0704F000-5C35-41C6-98F6-7DFA831B83A2}.AppStore|iPhoneSimulator.Build.0 = Release|Any CPU
		{0704F000-5C35-41C6-98F6-7DFA831B83A2}.Debug|Any CPU.ActiveCfg = Debug|Any CPU
		{0704F000-5C35-41C6-98F6-7DFA831B83A2}.Debug|Any CPU.Build.0 = Debug|Any CPU
		{0704F000-5C35-41C6-98F6-7DFA831B83A2}.Debug|iPhone.ActiveCfg = Debug|Any CPU
		{0704F000-5C35-41C6-98F6-7DFA831B83A2}.Debug|iPhone.Build.0 = Debug|Any CPU
		{0704F000-5C35-41C6-98F6-7DFA831B83A2}.Debug|iPhoneSimulator.ActiveCfg = Debug|Any CPU
		{0704F000-5C35-41C6-98F6-7DFA831B83A2}.Debug|iPhoneSimulator.Build.0 = Debug|Any CPU
		{0704F000-5C35-41C6-98F6-7DFA831B83A2}.Release|Any CPU.ActiveCfg = Release|Any CPU
		{0704F000-5C35-41C6-98F6-7DFA831B83A2}.Release|Any CPU.Build.0 = Release|Any CPU
		{0704F000-5C35-41C6-98F6-7DFA831B83A2}.Release|iPhone.ActiveCfg = Release|Any CPU
		{0704F000-5C35-41C6-98F6-7DFA831B83A2}.Release|iPhone.Build.0 = Release|Any CPU
		{0704F000-5C35-41C6-98F6-7DFA831B83A2}.Release|iPhoneSimulator.ActiveCfg = Release|Any CPU
		{0704F000-5C35-41C6-98F6-7DFA831B83A2}.Release|iPhoneSimulator.Build.0 = Release|Any CPU
		{5F2E6716-3554-487E-AF23-A127592592F3}.Ad-Hoc|Any CPU.ActiveCfg = Release|Any CPU
		{5F2E6716-3554-487E-AF23-A127592592F3}.Ad-Hoc|Any CPU.Build.0 = Release|Any CPU
		{5F2E6716-3554-487E-AF23-A127592592F3}.Ad-Hoc|iPhone.ActiveCfg = Release|Any CPU
		{5F2E6716-3554-487E-AF23-A127592592F3}.Ad-Hoc|iPhone.Build.0 = Release|Any CPU
		{5F2E6716-3554-487E-AF23-A127592592F3}.Ad-Hoc|iPhoneSimulator.ActiveCfg = Release|Any CPU
		{5F2E6716-3554-487E-AF23-A127592592F3}.Ad-Hoc|iPhoneSimulator.Build.0 = Release|Any CPU
		{5F2E6716-3554-487E-AF23-A127592592F3}.AppStore|Any CPU.ActiveCfg = Release|Any CPU
		{5F2E6716-3554-487E-AF23-A127592592F3}.AppStore|Any CPU.Build.0 = Release|Any CPU
		{5F2E6716-3554-487E-AF23-A127592592F3}.AppStore|iPhone.ActiveCfg = Release|Any CPU
		{5F2E6716-3554-487E-AF23-A127592592F3}.AppStore|iPhone.Build.0 = Release|Any CPU
		{5F2E6716-3554-487E-AF23-A127592592F3}.AppStore|iPhoneSimulator.ActiveCfg = Release|Any CPU
		{5F2E6716-3554-487E-AF23-A127592592F3}.AppStore|iPhoneSimulator.Build.0 = Release|Any CPU
		{5F2E6716-3554-487E-AF23-A127592592F3}.Debug|Any CPU.ActiveCfg = Debug|Any CPU
		{5F2E6716-3554-487E-AF23-A127592592F3}.Debug|Any CPU.Build.0 = Debug|Any CPU
		{5F2E6716-3554-487E-AF23-A127592592F3}.Debug|iPhone.ActiveCfg = Debug|Any CPU
		{5F2E6716-3554-487E-AF23-A127592592F3}.Debug|iPhone.Build.0 = Debug|Any CPU
		{5F2E6716-3554-487E-AF23-A127592592F3}.Debug|iPhoneSimulator.ActiveCfg = Debug|Any CPU
		{5F2E6716-3554-487E-AF23-A127592592F3}.Debug|iPhoneSimulator.Build.0 = Debug|Any CPU
		{5F2E6716-3554-487E-AF23-A127592592F3}.Release|Any CPU.ActiveCfg = Release|Any CPU
		{5F2E6716-3554-487E-AF23-A127592592F3}.Release|Any CPU.Build.0 = Release|Any CPU
		{5F2E6716-3554-487E-AF23-A127592592F3}.Release|iPhone.ActiveCfg = Release|Any CPU
		{5F2E6716-3554-487E-AF23-A127592592F3}.Release|iPhone.Build.0 = Release|Any CPU
		{5F2E6716-3554-487E-AF23-A127592592F3}.Release|iPhoneSimulator.ActiveCfg = Release|Any CPU
		{5F2E6716-3554-487E-AF23-A127592592F3}.Release|iPhoneSimulator.Build.0 = Release|Any CPU
		{E543F45A-F00D-47DE-B451-3A8259B41D0A}.Ad-Hoc|Any CPU.ActiveCfg = Release|Any CPU
		{E543F45A-F00D-47DE-B451-3A8259B41D0A}.Ad-Hoc|Any CPU.Build.0 = Release|Any CPU
		{E543F45A-F00D-47DE-B451-3A8259B41D0A}.Ad-Hoc|iPhone.ActiveCfg = Release|Any CPU
		{E543F45A-F00D-47DE-B451-3A8259B41D0A}.Ad-Hoc|iPhone.Build.0 = Release|Any CPU
		{E543F45A-F00D-47DE-B451-3A8259B41D0A}.Ad-Hoc|iPhoneSimulator.ActiveCfg = Release|Any CPU
		{E543F45A-F00D-47DE-B451-3A8259B41D0A}.Ad-Hoc|iPhoneSimulator.Build.0 = Release|Any CPU
		{E543F45A-F00D-47DE-B451-3A8259B41D0A}.AppStore|Any CPU.ActiveCfg = Release|Any CPU
		{E543F45A-F00D-47DE-B451-3A8259B41D0A}.AppStore|Any CPU.Build.0 = Release|Any CPU
		{E543F45A-F00D-47DE-B451-3A8259B41D0A}.AppStore|iPhone.ActiveCfg = Release|Any CPU
		{E543F45A-F00D-47DE-B451-3A8259B41D0A}.AppStore|iPhone.Build.0 = Release|Any CPU
		{E543F45A-F00D-47DE-B451-3A8259B41D0A}.AppStore|iPhoneSimulator.ActiveCfg = Release|Any CPU
		{E543F45A-F00D-47DE-B451-3A8259B41D0A}.AppStore|iPhoneSimulator.Build.0 = Release|Any CPU
		{E543F45A-F00D-47DE-B451-3A8259B41D0A}.Debug|Any CPU.ActiveCfg = Debug|Any CPU
		{E543F45A-F00D-47DE-B451-3A8259B41D0A}.Debug|Any CPU.Build.0 = Debug|Any CPU
		{E543F45A-F00D-47DE-B451-3A8259B41D0A}.Debug|iPhone.ActiveCfg = Debug|Any CPU
		{E543F45A-F00D-47DE-B451-3A8259B41D0A}.Debug|iPhone.Build.0 = Debug|Any CPU
		{E543F45A-F00D-47DE-B451-3A8259B41D0A}.Debug|iPhoneSimulator.ActiveCfg = Debug|Any CPU
		{E543F45A-F00D-47DE-B451-3A8259B41D0A}.Debug|iPhoneSimulator.Build.0 = Debug|Any CPU
		{E543F45A-F00D-47DE-B451-3A8259B41D0A}.Release|Any CPU.ActiveCfg = Release|Any CPU
		{E543F45A-F00D-47DE-B451-3A8259B41D0A}.Release|Any CPU.Build.0 = Release|Any CPU
		{E543F45A-F00D-47DE-B451-3A8259B41D0A}.Release|iPhone.ActiveCfg = Release|Any CPU
		{E543F45A-F00D-47DE-B451-3A8259B41D0A}.Release|iPhone.Build.0 = Release|Any CPU
		{E543F45A-F00D-47DE-B451-3A8259B41D0A}.Release|iPhoneSimulator.ActiveCfg = Release|Any CPU
		{E543F45A-F00D-47DE-B451-3A8259B41D0A}.Release|iPhoneSimulator.Build.0 = Release|Any CPU
		{30DDAD8A-9F93-4D6B-96B9-B51B69AE0B2B}.Ad-Hoc|Any CPU.ActiveCfg = Release|Any CPU
		{30DDAD8A-9F93-4D6B-96B9-B51B69AE0B2B}.Ad-Hoc|Any CPU.Build.0 = Release|Any CPU
		{30DDAD8A-9F93-4D6B-96B9-B51B69AE0B2B}.Ad-Hoc|iPhone.ActiveCfg = Release|Any CPU
		{30DDAD8A-9F93-4D6B-96B9-B51B69AE0B2B}.Ad-Hoc|iPhone.Build.0 = Release|Any CPU
		{30DDAD8A-9F93-4D6B-96B9-B51B69AE0B2B}.Ad-Hoc|iPhoneSimulator.ActiveCfg = Release|Any CPU
		{30DDAD8A-9F93-4D6B-96B9-B51B69AE0B2B}.Ad-Hoc|iPhoneSimulator.Build.0 = Release|Any CPU
		{30DDAD8A-9F93-4D6B-96B9-B51B69AE0B2B}.AppStore|Any CPU.ActiveCfg = Release|Any CPU
		{30DDAD8A-9F93-4D6B-96B9-B51B69AE0B2B}.AppStore|Any CPU.Build.0 = Release|Any CPU
		{30DDAD8A-9F93-4D6B-96B9-B51B69AE0B2B}.AppStore|iPhone.ActiveCfg = Release|Any CPU
		{30DDAD8A-9F93-4D6B-96B9-B51B69AE0B2B}.AppStore|iPhone.Build.0 = Release|Any CPU
		{30DDAD8A-9F93-4D6B-96B9-B51B69AE0B2B}.AppStore|iPhoneSimulator.ActiveCfg = Release|Any CPU
		{30DDAD8A-9F93-4D6B-96B9-B51B69AE0B2B}.AppStore|iPhoneSimulator.Build.0 = Release|Any CPU
		{30DDAD8A-9F93-4D6B-96B9-B51B69AE0B2B}.Debug|Any CPU.ActiveCfg = Debug|Any CPU
		{30DDAD8A-9F93-4D6B-96B9-B51B69AE0B2B}.Debug|Any CPU.Build.0 = Debug|Any CPU
		{30DDAD8A-9F93-4D6B-96B9-B51B69AE0B2B}.Debug|iPhone.ActiveCfg = Debug|Any CPU
		{30DDAD8A-9F93-4D6B-96B9-B51B69AE0B2B}.Debug|iPhone.Build.0 = Debug|Any CPU
		{30DDAD8A-9F93-4D6B-96B9-B51B69AE0B2B}.Debug|iPhoneSimulator.ActiveCfg = Debug|Any CPU
		{30DDAD8A-9F93-4D6B-96B9-B51B69AE0B2B}.Debug|iPhoneSimulator.Build.0 = Debug|Any CPU
		{30DDAD8A-9F93-4D6B-96B9-B51B69AE0B2B}.Release|Any CPU.ActiveCfg = Release|Any CPU
		{30DDAD8A-9F93-4D6B-96B9-B51B69AE0B2B}.Release|Any CPU.Build.0 = Release|Any CPU
		{30DDAD8A-9F93-4D6B-96B9-B51B69AE0B2B}.Release|iPhone.ActiveCfg = Release|Any CPU
		{30DDAD8A-9F93-4D6B-96B9-B51B69AE0B2B}.Release|iPhone.Build.0 = Release|Any CPU
		{30DDAD8A-9F93-4D6B-96B9-B51B69AE0B2B}.Release|iPhoneSimulator.ActiveCfg = Release|Any CPU
		{30DDAD8A-9F93-4D6B-96B9-B51B69AE0B2B}.Release|iPhoneSimulator.Build.0 = Release|Any CPU
		{007B2A82-D577-499F-BDE2-E8677915FA7F}.Ad-Hoc|Any CPU.ActiveCfg = Release|Any CPU
		{007B2A82-D577-499F-BDE2-E8677915FA7F}.Ad-Hoc|Any CPU.Build.0 = Release|Any CPU
		{007B2A82-D577-499F-BDE2-E8677915FA7F}.Ad-Hoc|Any CPU.Deploy.0 = Release|Any CPU
		{007B2A82-D577-499F-BDE2-E8677915FA7F}.Ad-Hoc|iPhone.ActiveCfg = Release|Any CPU
		{007B2A82-D577-499F-BDE2-E8677915FA7F}.Ad-Hoc|iPhone.Build.0 = Release|Any CPU
		{007B2A82-D577-499F-BDE2-E8677915FA7F}.Ad-Hoc|iPhone.Deploy.0 = Release|Any CPU
		{007B2A82-D577-499F-BDE2-E8677915FA7F}.Ad-Hoc|iPhoneSimulator.ActiveCfg = Release|Any CPU
		{007B2A82-D577-499F-BDE2-E8677915FA7F}.Ad-Hoc|iPhoneSimulator.Build.0 = Release|Any CPU
		{007B2A82-D577-499F-BDE2-E8677915FA7F}.Ad-Hoc|iPhoneSimulator.Deploy.0 = Release|Any CPU
		{007B2A82-D577-499F-BDE2-E8677915FA7F}.AppStore|Any CPU.ActiveCfg = Release|Any CPU
		{007B2A82-D577-499F-BDE2-E8677915FA7F}.AppStore|Any CPU.Build.0 = Release|Any CPU
		{007B2A82-D577-499F-BDE2-E8677915FA7F}.AppStore|Any CPU.Deploy.0 = Release|Any CPU
		{007B2A82-D577-499F-BDE2-E8677915FA7F}.AppStore|iPhone.ActiveCfg = Release|Any CPU
		{007B2A82-D577-499F-BDE2-E8677915FA7F}.AppStore|iPhone.Build.0 = Release|Any CPU
		{007B2A82-D577-499F-BDE2-E8677915FA7F}.AppStore|iPhone.Deploy.0 = Release|Any CPU
		{007B2A82-D577-499F-BDE2-E8677915FA7F}.AppStore|iPhoneSimulator.ActiveCfg = Release|Any CPU
		{007B2A82-D577-499F-BDE2-E8677915FA7F}.AppStore|iPhoneSimulator.Build.0 = Release|Any CPU
		{007B2A82-D577-499F-BDE2-E8677915FA7F}.AppStore|iPhoneSimulator.Deploy.0 = Release|Any CPU
		{007B2A82-D577-499F-BDE2-E8677915FA7F}.Debug|Any CPU.ActiveCfg = Debug|Any CPU
		{007B2A82-D577-499F-BDE2-E8677915FA7F}.Debug|Any CPU.Build.0 = Debug|Any CPU
		{007B2A82-D577-499F-BDE2-E8677915FA7F}.Debug|Any CPU.Deploy.0 = Debug|Any CPU
		{007B2A82-D577-499F-BDE2-E8677915FA7F}.Debug|iPhone.ActiveCfg = Debug|Any CPU
		{007B2A82-D577-499F-BDE2-E8677915FA7F}.Debug|iPhone.Build.0 = Debug|Any CPU
		{007B2A82-D577-499F-BDE2-E8677915FA7F}.Debug|iPhone.Deploy.0 = Debug|Any CPU
		{007B2A82-D577-499F-BDE2-E8677915FA7F}.Debug|iPhoneSimulator.ActiveCfg = Debug|Any CPU
		{007B2A82-D577-499F-BDE2-E8677915FA7F}.Debug|iPhoneSimulator.Build.0 = Debug|Any CPU
		{007B2A82-D577-499F-BDE2-E8677915FA7F}.Debug|iPhoneSimulator.Deploy.0 = Debug|Any CPU
		{007B2A82-D577-499F-BDE2-E8677915FA7F}.Release|Any CPU.ActiveCfg = Release|Any CPU
		{007B2A82-D577-499F-BDE2-E8677915FA7F}.Release|Any CPU.Build.0 = Release|Any CPU
		{007B2A82-D577-499F-BDE2-E8677915FA7F}.Release|Any CPU.Deploy.0 = Release|Any CPU
		{007B2A82-D577-499F-BDE2-E8677915FA7F}.Release|iPhone.ActiveCfg = Release|Any CPU
		{007B2A82-D577-499F-BDE2-E8677915FA7F}.Release|iPhone.Build.0 = Release|Any CPU
		{007B2A82-D577-499F-BDE2-E8677915FA7F}.Release|iPhone.Deploy.0 = Release|Any CPU
		{007B2A82-D577-499F-BDE2-E8677915FA7F}.Release|iPhoneSimulator.ActiveCfg = Release|Any CPU
		{007B2A82-D577-499F-BDE2-E8677915FA7F}.Release|iPhoneSimulator.Build.0 = Release|Any CPU
		{007B2A82-D577-499F-BDE2-E8677915FA7F}.Release|iPhoneSimulator.Deploy.0 = Release|Any CPU
		{89FDC230-8595-4400-82C5-37219A4EE754}.Ad-Hoc|Any CPU.ActiveCfg = Ad-Hoc|iPhone
		{89FDC230-8595-4400-82C5-37219A4EE754}.Ad-Hoc|iPhone.ActiveCfg = Ad-Hoc|iPhone
		{89FDC230-8595-4400-82C5-37219A4EE754}.Ad-Hoc|iPhone.Build.0 = Ad-Hoc|iPhone
		{89FDC230-8595-4400-82C5-37219A4EE754}.Ad-Hoc|iPhoneSimulator.ActiveCfg = Ad-Hoc|iPhoneSimulator
		{89FDC230-8595-4400-82C5-37219A4EE754}.Ad-Hoc|iPhoneSimulator.Build.0 = Ad-Hoc|iPhoneSimulator
		{89FDC230-8595-4400-82C5-37219A4EE754}.AppStore|Any CPU.ActiveCfg = AppStore|iPhone
		{89FDC230-8595-4400-82C5-37219A4EE754}.AppStore|iPhone.ActiveCfg = AppStore|iPhone
		{89FDC230-8595-4400-82C5-37219A4EE754}.AppStore|iPhone.Build.0 = AppStore|iPhone
		{89FDC230-8595-4400-82C5-37219A4EE754}.AppStore|iPhoneSimulator.ActiveCfg = AppStore|iPhoneSimulator
		{89FDC230-8595-4400-82C5-37219A4EE754}.AppStore|iPhoneSimulator.Build.0 = AppStore|iPhoneSimulator
		{89FDC230-8595-4400-82C5-37219A4EE754}.Debug|Any CPU.ActiveCfg = Debug|iPhone
		{89FDC230-8595-4400-82C5-37219A4EE754}.Debug|iPhone.ActiveCfg = Debug|iPhone
		{89FDC230-8595-4400-82C5-37219A4EE754}.Debug|iPhone.Build.0 = Debug|iPhone
		{89FDC230-8595-4400-82C5-37219A4EE754}.Debug|iPhoneSimulator.ActiveCfg = Debug|iPhoneSimulator
		{89FDC230-8595-4400-82C5-37219A4EE754}.Debug|iPhoneSimulator.Build.0 = Debug|iPhoneSimulator
		{89FDC230-8595-4400-82C5-37219A4EE754}.Release|Any CPU.ActiveCfg = Release|iPhone
		{89FDC230-8595-4400-82C5-37219A4EE754}.Release|iPhone.ActiveCfg = Release|iPhone
		{89FDC230-8595-4400-82C5-37219A4EE754}.Release|iPhone.Build.0 = Release|iPhone
		{89FDC230-8595-4400-82C5-37219A4EE754}.Release|iPhoneSimulator.ActiveCfg = Release|iPhoneSimulator
		{89FDC230-8595-4400-82C5-37219A4EE754}.Release|iPhoneSimulator.Build.0 = Release|iPhoneSimulator
		{E1B6545C-4A3D-4E83-8059-F74F17E32118}.Ad-Hoc|Any CPU.ActiveCfg = Debug|Any CPU
		{E1B6545C-4A3D-4E83-8059-F74F17E32118}.Ad-Hoc|Any CPU.Build.0 = Debug|Any CPU
		{E1B6545C-4A3D-4E83-8059-F74F17E32118}.Ad-Hoc|iPhone.ActiveCfg = Debug|Any CPU
		{E1B6545C-4A3D-4E83-8059-F74F17E32118}.Ad-Hoc|iPhone.Build.0 = Debug|Any CPU
		{E1B6545C-4A3D-4E83-8059-F74F17E32118}.Ad-Hoc|iPhoneSimulator.ActiveCfg = Debug|Any CPU
		{E1B6545C-4A3D-4E83-8059-F74F17E32118}.Ad-Hoc|iPhoneSimulator.Build.0 = Debug|Any CPU
		{E1B6545C-4A3D-4E83-8059-F74F17E32118}.AppStore|Any CPU.ActiveCfg = Debug|Any CPU
		{E1B6545C-4A3D-4E83-8059-F74F17E32118}.AppStore|Any CPU.Build.0 = Debug|Any CPU
		{E1B6545C-4A3D-4E83-8059-F74F17E32118}.AppStore|iPhone.ActiveCfg = Debug|Any CPU
		{E1B6545C-4A3D-4E83-8059-F74F17E32118}.AppStore|iPhone.Build.0 = Debug|Any CPU
		{E1B6545C-4A3D-4E83-8059-F74F17E32118}.AppStore|iPhoneSimulator.ActiveCfg = Debug|Any CPU
		{E1B6545C-4A3D-4E83-8059-F74F17E32118}.AppStore|iPhoneSimulator.Build.0 = Debug|Any CPU
		{E1B6545C-4A3D-4E83-8059-F74F17E32118}.Debug|Any CPU.ActiveCfg = Debug|Any CPU
		{E1B6545C-4A3D-4E83-8059-F74F17E32118}.Debug|Any CPU.Build.0 = Debug|Any CPU
		{E1B6545C-4A3D-4E83-8059-F74F17E32118}.Debug|iPhone.ActiveCfg = Debug|Any CPU
		{E1B6545C-4A3D-4E83-8059-F74F17E32118}.Debug|iPhone.Build.0 = Debug|Any CPU
		{E1B6545C-4A3D-4E83-8059-F74F17E32118}.Debug|iPhoneSimulator.ActiveCfg = Debug|Any CPU
		{E1B6545C-4A3D-4E83-8059-F74F17E32118}.Debug|iPhoneSimulator.Build.0 = Debug|Any CPU
		{E1B6545C-4A3D-4E83-8059-F74F17E32118}.Release|Any CPU.ActiveCfg = Release|Any CPU
		{E1B6545C-4A3D-4E83-8059-F74F17E32118}.Release|Any CPU.Build.0 = Release|Any CPU
		{E1B6545C-4A3D-4E83-8059-F74F17E32118}.Release|iPhone.ActiveCfg = Release|Any CPU
		{E1B6545C-4A3D-4E83-8059-F74F17E32118}.Release|iPhone.Build.0 = Release|Any CPU
		{E1B6545C-4A3D-4E83-8059-F74F17E32118}.Release|iPhoneSimulator.ActiveCfg = Release|Any CPU
		{E1B6545C-4A3D-4E83-8059-F74F17E32118}.Release|iPhoneSimulator.Build.0 = Release|Any CPU
		{C42FC878-AD7E-457F-BEAE-CFB06FD952AD}.Ad-Hoc|Any CPU.ActiveCfg = Debug|Any CPU
		{C42FC878-AD7E-457F-BEAE-CFB06FD952AD}.Ad-Hoc|Any CPU.Build.0 = Debug|Any CPU
		{C42FC878-AD7E-457F-BEAE-CFB06FD952AD}.Ad-Hoc|iPhone.ActiveCfg = Debug|Any CPU
		{C42FC878-AD7E-457F-BEAE-CFB06FD952AD}.Ad-Hoc|iPhone.Build.0 = Debug|Any CPU
		{C42FC878-AD7E-457F-BEAE-CFB06FD952AD}.Ad-Hoc|iPhoneSimulator.ActiveCfg = Debug|Any CPU
		{C42FC878-AD7E-457F-BEAE-CFB06FD952AD}.Ad-Hoc|iPhoneSimulator.Build.0 = Debug|Any CPU
		{C42FC878-AD7E-457F-BEAE-CFB06FD952AD}.AppStore|Any CPU.ActiveCfg = Debug|Any CPU
		{C42FC878-AD7E-457F-BEAE-CFB06FD952AD}.AppStore|Any CPU.Build.0 = Debug|Any CPU
		{C42FC878-AD7E-457F-BEAE-CFB06FD952AD}.AppStore|iPhone.ActiveCfg = Debug|Any CPU
		{C42FC878-AD7E-457F-BEAE-CFB06FD952AD}.AppStore|iPhone.Build.0 = Debug|Any CPU
		{C42FC878-AD7E-457F-BEAE-CFB06FD952AD}.AppStore|iPhoneSimulator.ActiveCfg = Debug|Any CPU
		{C42FC878-AD7E-457F-BEAE-CFB06FD952AD}.AppStore|iPhoneSimulator.Build.0 = Debug|Any CPU
		{C42FC878-AD7E-457F-BEAE-CFB06FD952AD}.Debug|Any CPU.ActiveCfg = Debug|Any CPU
		{C42FC878-AD7E-457F-BEAE-CFB06FD952AD}.Debug|Any CPU.Build.0 = Debug|Any CPU
		{C42FC878-AD7E-457F-BEAE-CFB06FD952AD}.Debug|iPhone.ActiveCfg = Debug|Any CPU
		{C42FC878-AD7E-457F-BEAE-CFB06FD952AD}.Debug|iPhone.Build.0 = Debug|Any CPU
		{C42FC878-AD7E-457F-BEAE-CFB06FD952AD}.Debug|iPhoneSimulator.ActiveCfg = Debug|Any CPU
		{C42FC878-AD7E-457F-BEAE-CFB06FD952AD}.Debug|iPhoneSimulator.Build.0 = Debug|Any CPU
		{C42FC878-AD7E-457F-BEAE-CFB06FD952AD}.Release|Any CPU.ActiveCfg = Release|Any CPU
		{C42FC878-AD7E-457F-BEAE-CFB06FD952AD}.Release|Any CPU.Build.0 = Release|Any CPU
		{C42FC878-AD7E-457F-BEAE-CFB06FD952AD}.Release|iPhone.ActiveCfg = Release|Any CPU
		{C42FC878-AD7E-457F-BEAE-CFB06FD952AD}.Release|iPhone.Build.0 = Release|Any CPU
		{C42FC878-AD7E-457F-BEAE-CFB06FD952AD}.Release|iPhoneSimulator.ActiveCfg = Release|Any CPU
		{C42FC878-AD7E-457F-BEAE-CFB06FD952AD}.Release|iPhoneSimulator.Build.0 = Release|Any CPU
		{10BD6604-47E6-4913-BD5F-96F61855947F}.Ad-Hoc|Any CPU.ActiveCfg = Release|Any CPU
		{10BD6604-47E6-4913-BD5F-96F61855947F}.Ad-Hoc|Any CPU.Build.0 = Release|Any CPU
		{10BD6604-47E6-4913-BD5F-96F61855947F}.Ad-Hoc|iPhone.ActiveCfg = Release|Any CPU
		{10BD6604-47E6-4913-BD5F-96F61855947F}.Ad-Hoc|iPhone.Build.0 = Release|Any CPU
		{10BD6604-47E6-4913-BD5F-96F61855947F}.Ad-Hoc|iPhoneSimulator.ActiveCfg = Release|Any CPU
		{10BD6604-47E6-4913-BD5F-96F61855947F}.Ad-Hoc|iPhoneSimulator.Build.0 = Release|Any CPU
		{10BD6604-47E6-4913-BD5F-96F61855947F}.AppStore|Any CPU.ActiveCfg = Release|Any CPU
		{10BD6604-47E6-4913-BD5F-96F61855947F}.AppStore|Any CPU.Build.0 = Release|Any CPU
		{10BD6604-47E6-4913-BD5F-96F61855947F}.AppStore|iPhone.ActiveCfg = Release|Any CPU
		{10BD6604-47E6-4913-BD5F-96F61855947F}.AppStore|iPhone.Build.0 = Release|Any CPU
		{10BD6604-47E6-4913-BD5F-96F61855947F}.AppStore|iPhoneSimulator.ActiveCfg = Release|Any CPU
		{10BD6604-47E6-4913-BD5F-96F61855947F}.AppStore|iPhoneSimulator.Build.0 = Release|Any CPU
		{10BD6604-47E6-4913-BD5F-96F61855947F}.Debug|Any CPU.ActiveCfg = Debug|Any CPU
		{10BD6604-47E6-4913-BD5F-96F61855947F}.Debug|Any CPU.Build.0 = Debug|Any CPU
		{10BD6604-47E6-4913-BD5F-96F61855947F}.Debug|iPhone.ActiveCfg = Debug|Any CPU
		{10BD6604-47E6-4913-BD5F-96F61855947F}.Debug|iPhone.Build.0 = Debug|Any CPU
		{10BD6604-47E6-4913-BD5F-96F61855947F}.Debug|iPhoneSimulator.ActiveCfg = Debug|Any CPU
		{10BD6604-47E6-4913-BD5F-96F61855947F}.Debug|iPhoneSimulator.Build.0 = Debug|Any CPU
		{10BD6604-47E6-4913-BD5F-96F61855947F}.Release|Any CPU.ActiveCfg = Release|Any CPU
		{10BD6604-47E6-4913-BD5F-96F61855947F}.Release|Any CPU.Build.0 = Release|Any CPU
		{10BD6604-47E6-4913-BD5F-96F61855947F}.Release|iPhone.ActiveCfg = Release|Any CPU
		{10BD6604-47E6-4913-BD5F-96F61855947F}.Release|iPhone.Build.0 = Release|Any CPU
		{10BD6604-47E6-4913-BD5F-96F61855947F}.Release|iPhoneSimulator.ActiveCfg = Release|Any CPU
		{10BD6604-47E6-4913-BD5F-96F61855947F}.Release|iPhoneSimulator.Build.0 = Release|Any CPU
		{36CF0DF8-F2C6-4417-9788-6778D1E8C42E}.Ad-Hoc|Any CPU.ActiveCfg = Debug|Any CPU
		{36CF0DF8-F2C6-4417-9788-6778D1E8C42E}.Ad-Hoc|Any CPU.Build.0 = Debug|Any CPU
		{36CF0DF8-F2C6-4417-9788-6778D1E8C42E}.Ad-Hoc|iPhone.ActiveCfg = Debug|Any CPU
		{36CF0DF8-F2C6-4417-9788-6778D1E8C42E}.Ad-Hoc|iPhone.Build.0 = Debug|Any CPU
		{36CF0DF8-F2C6-4417-9788-6778D1E8C42E}.Ad-Hoc|iPhoneSimulator.ActiveCfg = Debug|Any CPU
		{36CF0DF8-F2C6-4417-9788-6778D1E8C42E}.Ad-Hoc|iPhoneSimulator.Build.0 = Debug|Any CPU
		{36CF0DF8-F2C6-4417-9788-6778D1E8C42E}.AppStore|Any CPU.ActiveCfg = Debug|Any CPU
		{36CF0DF8-F2C6-4417-9788-6778D1E8C42E}.AppStore|Any CPU.Build.0 = Debug|Any CPU
		{36CF0DF8-F2C6-4417-9788-6778D1E8C42E}.AppStore|iPhone.ActiveCfg = Debug|Any CPU
		{36CF0DF8-F2C6-4417-9788-6778D1E8C42E}.AppStore|iPhone.Build.0 = Debug|Any CPU
		{36CF0DF8-F2C6-4417-9788-6778D1E8C42E}.AppStore|iPhoneSimulator.ActiveCfg = Debug|Any CPU
		{36CF0DF8-F2C6-4417-9788-6778D1E8C42E}.AppStore|iPhoneSimulator.Build.0 = Debug|Any CPU
		{36CF0DF8-F2C6-4417-9788-6778D1E8C42E}.Debug|Any CPU.ActiveCfg = Debug|Any CPU
		{36CF0DF8-F2C6-4417-9788-6778D1E8C42E}.Debug|Any CPU.Build.0 = Debug|Any CPU
		{36CF0DF8-F2C6-4417-9788-6778D1E8C42E}.Debug|iPhone.ActiveCfg = Debug|Any CPU
		{36CF0DF8-F2C6-4417-9788-6778D1E8C42E}.Debug|iPhone.Build.0 = Debug|Any CPU
		{36CF0DF8-F2C6-4417-9788-6778D1E8C42E}.Debug|iPhoneSimulator.ActiveCfg = Debug|Any CPU
		{36CF0DF8-F2C6-4417-9788-6778D1E8C42E}.Debug|iPhoneSimulator.Build.0 = Debug|Any CPU
		{36CF0DF8-F2C6-4417-9788-6778D1E8C42E}.Release|Any CPU.ActiveCfg = Release|Any CPU
		{36CF0DF8-F2C6-4417-9788-6778D1E8C42E}.Release|Any CPU.Build.0 = Release|Any CPU
		{36CF0DF8-F2C6-4417-9788-6778D1E8C42E}.Release|iPhone.ActiveCfg = Release|Any CPU
		{36CF0DF8-F2C6-4417-9788-6778D1E8C42E}.Release|iPhone.Build.0 = Release|Any CPU
		{36CF0DF8-F2C6-4417-9788-6778D1E8C42E}.Release|iPhoneSimulator.ActiveCfg = Release|Any CPU
		{36CF0DF8-F2C6-4417-9788-6778D1E8C42E}.Release|iPhoneSimulator.Build.0 = Release|Any CPU
	EndGlobalSection
	GlobalSection(SolutionProperties) = preSolution
		HideSolutionNode = FALSE
	EndGlobalSection
	GlobalSection(NestedProjects) = preSolution
		{5F2E6716-3554-487E-AF23-A127592592F3} = {71A60E80-BA11-4A8E-8F1B-4002A2A9A225}
		{E543F45A-F00D-47DE-B451-3A8259B41D0A} = {71A60E80-BA11-4A8E-8F1B-4002A2A9A225}
		{007B2A82-D577-499F-BDE2-E8677915FA7F} = {120BBC85-5D24-4589-8B1F-1C2E813CC2FA}
		{89FDC230-8595-4400-82C5-37219A4EE754} = {120BBC85-5D24-4589-8B1F-1C2E813CC2FA}
		{E1B6545C-4A3D-4E83-8059-F74F17E32118} = {120BBC85-5D24-4589-8B1F-1C2E813CC2FA}
		{C42FC878-AD7E-457F-BEAE-CFB06FD952AD} = {120BBC85-5D24-4589-8B1F-1C2E813CC2FA}
		{10BD6604-47E6-4913-BD5F-96F61855947F} = {477B247E-014B-4194-855F-E89C9D845168}
		{36CF0DF8-F2C6-4417-9788-6778D1E8C42E} = {477B247E-014B-4194-855F-E89C9D845168}
	EndGlobalSection
	GlobalSection(ExtensibilityGlobals) = postSolution
		SolutionGuid = {20C0B5C4-CC78-45E1-9E0D-155F18FD0268}
	EndGlobalSection
EndGlobal
